
Microsoft Visual Studio Solution File, Format Version 12.00
# Visual Studio Version 16
VisualStudioVersion = 16.0.30717.126
MinimumVisualStudioVersion = 10.0.40219.1
Project("{8BC9CEB8-8B4A-11D0-8D11-00A0C91BC942}") = "RTGame", "RTGame\RTGame.vcxproj", "{E6776871-F0C5-42CB-BD35-E8CA5A1956D1}"
	ProjectSection(ProjectDependencies) = postProject
		{0DDBC5B9-B52D-4A8B-B472-E94A82522A75} = {0DDBC5B9-B52D-4A8B-B472-E94A82522A75}
	EndProjectSection
EndProject
Project("{8BC9CEB8-8B4A-11D0-8D11-00A0C91BC942}") = "ModelConverter", "ModelConverter\ModelConverter.vcxproj", "{3C1B6CC3-F07B-4D2B-B3F4-673B78F3F79C}"
EndProject
Project("{8BC9CEB8-8B4A-11D0-8D11-00A0C91BC942}") = "DearImGui", "DearImGui\DearImGui.vcxproj", "{0DDBC5B9-B52D-4A8B-B472-E94A82522A75}"
EndProject
Global
	GlobalSection(SolutionConfigurationPlatforms) = preSolution
		Debug|x64 = Debug|x64
		Debug|x86 = Debug|x86
		Release|x64 = Release|x64
		Release|x86 = Release|x86
	EndGlobalSection
	GlobalSection(ProjectConfigurationPlatforms) = postSolution
		{E6776871-F0C5-42CB-BD35-E8CA5A1956D1}.Debug|x64.ActiveCfg = Debug|x64
		{E6776871-F0C5-42CB-BD35-E8CA5A1956D1}.Debug|x64.Build.0 = Debug|x64
		{E6776871-F0C5-42CB-BD35-E8CA5A1956D1}.Debug|x86.ActiveCfg = Debug|x64
		{E6776871-F0C5-42CB-BD35-E8CA5A1956D1}.Release|x64.ActiveCfg = Release|x64
		{E6776871-F0C5-42CB-BD35-E8CA5A1956D1}.Release|x64.Build.0 = Release|x64
		{E6776871-F0C5-42CB-BD35-E8CA5A1956D1}.Release|x86.ActiveCfg = Release|x64
		{3C1B6CC3-F07B-4D2B-B3F4-673B78F3F79C}.Debug|x64.ActiveCfg = Debug|x64
		{3C1B6CC3-F07B-4D2B-B3F4-673B78F3F79C}.Debug|x64.Build.0 = Debug|x64
		{3C1B6CC3-F07B-4D2B-B3F4-673B78F3F79C}.Debug|x86.ActiveCfg = Debug|x64
		{3C1B6CC3-F07B-4D2B-B3F4-673B78F3F79C}.Release|x64.ActiveCfg = Release|x64
		{3C1B6CC3-F07B-4D2B-B3F4-673B78F3F79C}.Release|x64.Build.0 = Release|x64
		{3C1B6CC3-F07B-4D2B-B3F4-673B78F3F79C}.Release|x86.ActiveCfg = Release|x64
		{0DDBC5B9-B52D-4A8B-B472-E94A82522A75}.Debug|x64.ActiveCfg = Debug|x64
		{0DDBC5B9-B52D-4A8B-B472-E94A82522A75}.Debug|x64.Build.0 = Debug|x64
		{0DDBC5B9-B52D-4A8B-B472-E94A82522A75}.Debug|x86.ActiveCfg = Debug|Win32
		{0DDBC5B9-B52D-4A8B-B472-E94A82522A75}.Debug|x86.Build.0 = Debug|Win32
		{0DDBC5B9-B52D-4A8B-B472-E94A82522A75}.Release|x64.ActiveCfg = Release|x64
		{0DDBC5B9-B52D-4A8B-B472-E94A82522A75}.Release|x64.Build.0 = Release|x64
		{0DDBC5B9-B52D-4A8B-B472-E94A82522A75}.Release|x86.ActiveCfg = Release|Win32
		{0DDBC5B9-B52D-4A8B-B472-E94A82522A75}.Release|x86.Build.0 = Release|Win32
	EndGlobalSection
	GlobalSection(SolutionProperties) = preSolution
		HideSolutionNode = FALSE
	EndGlobalSection
	GlobalSection(ExtensibilityGlobals) = postSolution
		SolutionGuid = {E8CA9C6E-6194-4B9F-A9DB-B0247E11E8DF}
	EndGlobalSection
EndGlobal
